{
  "requires": true,
  "lockfileVersion": 1,
  "dependencies": {
    "dxcluster": {
      "version": "0.0.2",
      "resolved": "https://registry.npmjs.org/dxcluster/-/dxcluster-0.0.2.tgz",
      "integrity": "sha512-yOF7bTr4M9sm4q9FUplLLjJTeibbcxm6Mp8yHcKG8YurD4khGqxsGJYMiW6PdDaKPJkeBZEVk13TG7YRcx549g=="
    }
  }
}
